
Microsoft Visual Studio Solution File, Format Version 12.00
Project("{FAE04EC0-301F-11D3-BF4B-00C04F79EFBC}") = "DevixonApi", "DevixonApi\DevixonApi.csproj", "{D7639DC2-8C1A-4CE6-8C23-246084B3B9EF}"
EndProject
Project("{FAE04EC0-301F-11D3-BF4B-00C04F79EFBC}") = "DevixonApi.Tests", "DevixonApi.Tests\DevixonApi.Tests.csproj", "{4857F32F-F653-4B63-99D4-3BE3861135E2}"
EndProject
Global
	GlobalSection(SolutionConfigurationPlatforms) = preSolution
		Debug|Any CPU = Debug|Any CPU
		Release|Any CPU = Release|Any CPU
	EndGlobalSection
	GlobalSection(ProjectConfigurationPlatforms) = postSolution
		{D7639DC2-8C1A-4CE6-8C23-246084B3B9EF}.Debug|Any CPU.ActiveCfg = Debug|Any CPU
		{D7639DC2-8C1A-4CE6-8C23-246084B3B9EF}.Debug|Any CPU.Build.0 = Debug|Any CPU
		{D7639DC2-8C1A-4CE6-8C23-246084B3B9EF}.Release|Any CPU.ActiveCfg = Release|Any CPU
		{D7639DC2-8C1A-4CE6-8C23-246084B3B9EF}.Release|Any CPU.Build.0 = Release|Any CPU
		{4857F32F-F653-4B63-99D4-3BE3861135E2}.Debug|Any CPU.ActiveCfg = Debug|Any CPU
		{4857F32F-F653-4B63-99D4-3BE3861135E2}.Debug|Any CPU.Build.0 = Debug|Any CPU
		{4857F32F-F653-4B63-99D4-3BE3861135E2}.Release|Any CPU.ActiveCfg = Release|Any CPU
		{4857F32F-F653-4B63-99D4-3BE3861135E2}.Release|Any CPU.Build.0 = Release|Any CPU
	EndGlobalSection
EndGlobal
